
Microsoft Visual Studio Solution File, Format Version 12.00
# Visual Studio 15
VisualStudioVersion = 15.0.28307.136
MinimumVisualStudioVersion = 10.0.40219.1
Project("{FAE04EC0-301F-11D3-BF4B-00C04F79EFBC}") = "SIFT Algorithm", "SIFT Algorithm\SIFT Algorithm.csproj", "{97E8F0AA-421D-4B3E-961B-ACFF95865412}"
EndProject
Project("{FAE04EC0-301F-11D3-BF4B-00C04F79EFBC}") = "TestForm", "TestForm\TestForm.csproj", "{7F9AE3ED-5A8B-4DC2-8218-A532B7D5E08C}"
EndProject
Project("{FAE04EC0-301F-11D3-BF4B-00C04F79EFBC}") = "MathBase", "MathBase\MathBase.csproj", "{23C825AD-BE7E-48E4-B293-0A233D225533}"
EndProject
Global
	GlobalSection(SolutionConfigurationPlatforms) = preSolution
		Debug|Any CPU = Debug|Any CPU
		Release|Any CPU = Release|Any CPU
	EndGlobalSection
	GlobalSection(ProjectConfigurationPlatforms) = postSolution
		{97E8F0AA-421D-4B3E-961B-ACFF95865412}.Debug|Any CPU.ActiveCfg = Debug|Any CPU
		{97E8F0AA-421D-4B3E-961B-ACFF95865412}.Debug|Any CPU.Build.0 = Debug|Any CPU
		{97E8F0AA-421D-4B3E-961B-ACFF95865412}.Release|Any CPU.ActiveCfg = Release|Any CPU
		{97E8F0AA-421D-4B3E-961B-ACFF95865412}.Release|Any CPU.Build.0 = Release|Any CPU
		{7F9AE3ED-5A8B-4DC2-8218-A532B7D5E08C}.Debug|Any CPU.ActiveCfg = Debug|Any CPU
		{7F9AE3ED-5A8B-4DC2-8218-A532B7D5E08C}.Debug|Any CPU.Build.0 = Debug|Any CPU
		{7F9AE3ED-5A8B-4DC2-8218-A532B7D5E08C}.Release|Any CPU.ActiveCfg = Release|Any CPU
		{7F9AE3ED-5A8B-4DC2-8218-A532B7D5E08C}.Release|Any CPU.Build.0 = Release|Any CPU
		{23C825AD-BE7E-48E4-B293-0A233D225533}.Debug|Any CPU.ActiveCfg = Debug|Any CPU
		{23C825AD-BE7E-48E4-B293-0A233D225533}.Debug|Any CPU.Build.0 = Debug|Any CPU
		{23C825AD-BE7E-48E4-B293-0A233D225533}.Release|Any CPU.ActiveCfg = Release|Any CPU
		{23C825AD-BE7E-48E4-B293-0A233D225533}.Release|Any CPU.Build.0 = Release|Any CPU
	EndGlobalSection
	GlobalSection(SolutionProperties) = preSolution
		HideSolutionNode = FALSE
	EndGlobalSection
	GlobalSection(ExtensibilityGlobals) = postSolution
		SolutionGuid = {0AA38F92-F2BC-47DC-880D-FD76482C33B1}
	EndGlobalSection
EndGlobal
